
Microsoft Visual Studio Solution File, Format Version 12.00
# Visual Studio Version 17
VisualStudioVersion = 17.11.35312.102
MinimumVisualStudioVersion = 10.0.40219.1
Project("{9A19103F-16F7-4668-BE54-9A1E7A4F7556}") = "IdentityManagementSystem.UI", "PomixPMOService.UI\IdentityManagementSystem.UI.csproj", "{E43D4AEF-7246-44BC-85CE-34607ADAFCBA}"
EndProject
Project("{FAE04EC0-301F-11D3-BF4B-00C04F79EFBC}") = "IdentityManagementSystem.API", "PomixPMOService.API\IdentityManagementSystem.API.csproj", "{C70F16F3-8796-42E7-9089-0E4D8F966E71}"
EndProject
Global
	GlobalSection(SolutionConfigurationPlatforms) = preSolution
		Debug|Any CPU = Debug|Any CPU
		Release|Any CPU = Release|Any CPU
	EndGlobalSection
	GlobalSection(ProjectConfigurationPlatforms) = postSolution
		{E43D4AEF-7246-44BC-85CE-34607ADAFCBA}.Debug|Any CPU.ActiveCfg = Debug|Any CPU
		{E43D4AEF-7246-44BC-85CE-34607ADAFCBA}.Debug|Any CPU.Build.0 = Debug|Any CPU
		{E43D4AEF-7246-44BC-85CE-34607ADAFCBA}.Release|Any CPU.ActiveCfg = Release|Any CPU
		{E43D4AEF-7246-44BC-85CE-34607ADAFCBA}.Release|Any CPU.Build.0 = Release|Any CPU
		{C70F16F3-8796-42E7-9089-0E4D8F966E71}.Debug|Any CPU.ActiveCfg = Debug|Any CPU
		{C70F16F3-8796-42E7-9089-0E4D8F966E71}.Debug|Any CPU.Build.0 = Debug|Any CPU
		{C70F16F3-8796-42E7-9089-0E4D8F966E71}.Release|Any CPU.ActiveCfg = Release|Any CPU
		{C70F16F3-8796-42E7-9089-0E4D8F966E71}.Release|Any CPU.Build.0 = Release|Any CPU
	EndGlobalSection
	GlobalSection(SolutionProperties) = preSolution
		HideSolutionNode = FALSE
	EndGlobalSection
	GlobalSection(ExtensibilityGlobals) = postSolution
		SolutionGuid = {BB008A4A-A9CE-4818-AA60-267CAD1E04F6}
	EndGlobalSection
EndGlobal
